
Microsoft Visual Studio Solution File, Format Version 12.00
# Visual Studio 15
VisualStudioVersion = 15.0.28307.1321
MinimumVisualStudioVersion = 10.0.40219.1
Project("{FAE04EC0-301F-11D3-BF4B-00C04F79EFBC}") = "DockingPortAlignmentIndicator", "DockingPortAlignmentIndicator.csproj", "{0EE05EA6-FE25-487D-9FC9-ECDE3E74060F}"
EndProject
Project("{FAE04EC0-301F-11D3-BF4B-00C04F79EFBC}") = "ModuleDockingNodeNamed", "ModuleDockingNodeNamed\ModuleDockingNodeNamed.csproj", "{77AEFD79-A0C5-4502-8445-35EF1688E29F}"
EndProject
Project("{FAE04EC0-301F-11D3-BF4B-00C04F79EFBC}") = "DPAI_RPM", "DPAI_RPM\DPAI_RPM.csproj", "{EBBA27C3-03DE-4EA1-9699-D6597E744669}"
EndProject
Project("{2150E333-8FDC-42A3-9474-1A3956D46DE8}") = "Solution Items", "Solution Items", "{98ADDF43-A4EF-4614-9080-85703C00B0B8}"
	ProjectSection(SolutionItems) = preProject
		..\..\CHANGELOG.md = ..\..\CHANGELOG.md
		..\..\CONTRIBUTING.md = ..\..\CONTRIBUTING.md
		..\..\LICENSE = ..\..\LICENSE
		..\..\README.md = ..\..\README.md
		..\..\Readme.txt = ..\..\Readme.txt
		..\..\Scripts\Version.template = ..\..\Scripts\Version.template
	EndProjectSection
EndProject
Project("{2150E333-8FDC-42A3-9474-1A3956D46DE8}") = "GameData", "GameData", "{2D75BC84-2BC3-4C9F-A3A2-30CB0A85D857}"
	ProjectSection(SolutionItems) = preProject
		..\..\GameData\NavyFish\Plugins\Docking Port Alignment Indicator\DockingPortAlignmentIndicator.version = ..\..\GameData\NavyFish\Plugins\Docking Port Alignment Indicator\DockingPortAlignmentIndicator.version
		..\..\GameData\NavyFish\Plugins\Docking Port Alignment Indicator\moduleDockingNodeNamed.cfg = ..\..\GameData\NavyFish\Plugins\Docking Port Alignment Indicator\moduleDockingNodeNamed.cfg
	EndProjectSection
EndProject
Project("{2150E333-8FDC-42A3-9474-1A3956D46DE8}") = "Localization", "Localization", "{51657D7B-81F7-49EA-BB4B-37FF26D9A007}"
	ProjectSection(SolutionItems) = preProject
		..\..\GameData\NavyFish\Localization\dpai_dictionary_en.cfg = ..\..\GameData\NavyFish\Localization\dpai_dictionary_en.cfg
		..\..\GameData\NavyFish\Localization\dpai_dictionary_de.cfg = ..\..\GameData\NavyFish\Localization\dpai_dictionary_de.cfg
		..\..\GameData\NavyFish\Localization\dpai_dictionary_fr.cfg = ..\..\GameData\NavyFish\Localization\dpai_dictionary_fr.cfg
		..\..\GameData\NavyFish\Localization\dpai_dictionary_ru.cfg = ..\..\GameData\NavyFish\Localization\dpai_dictionary_ru.cfg
	EndProjectSection
EndProject
Project("{FAE04EC0-301F-11D3-BF4B-00C04F79EFBC}") = "DockingPortAlignmentIndicator.Unity", "DockingPortAlignmentIndicator.Unity\DockingPortAlignmentIndicator.Unity.csproj", "{AF91FC28-9488-4729-9581-092C55F59D88}"
EndProject
Global
	GlobalSection(SolutionConfigurationPlatforms) = preSolution
		Debug|Any CPU = Debug|Any CPU
		Release|Any CPU = Release|Any CPU
	EndGlobalSection
	GlobalSection(ProjectConfigurationPlatforms) = postSolution
		{0EE05EA6-FE25-487D-9FC9-ECDE3E74060F}.Debug|Any CPU.ActiveCfg = Debug|Any CPU
		{0EE05EA6-FE25-487D-9FC9-ECDE3E74060F}.Debug|Any CPU.Build.0 = Debug|Any CPU
		{0EE05EA6-FE25-487D-9FC9-ECDE3E74060F}.Release|Any CPU.ActiveCfg = Release|Any CPU
		{0EE05EA6-FE25-487D-9FC9-ECDE3E74060F}.Release|Any CPU.Build.0 = Release|Any CPU
		{77AEFD79-A0C5-4502-8445-35EF1688E29F}.Debug|Any CPU.ActiveCfg = Debug|Any CPU
		{77AEFD79-A0C5-4502-8445-35EF1688E29F}.Debug|Any CPU.Build.0 = Debug|Any CPU
		{77AEFD79-A0C5-4502-8445-35EF1688E29F}.Release|Any CPU.ActiveCfg = Release|Any CPU
		{77AEFD79-A0C5-4502-8445-35EF1688E29F}.Release|Any CPU.Build.0 = Release|Any CPU
		{EBBA27C3-03DE-4EA1-9699-D6597E744669}.Debug|Any CPU.ActiveCfg = Debug|Any CPU
		{EBBA27C3-03DE-4EA1-9699-D6597E744669}.Debug|Any CPU.Build.0 = Debug|Any CPU
		{EBBA27C3-03DE-4EA1-9699-D6597E744669}.Release|Any CPU.ActiveCfg = Release|Any CPU
		{EBBA27C3-03DE-4EA1-9699-D6597E744669}.Release|Any CPU.Build.0 = Release|Any CPU
		{AF91FC28-9488-4729-9581-092C55F59D88}.Debug|Any CPU.ActiveCfg = Debug|Any CPU
		{AF91FC28-9488-4729-9581-092C55F59D88}.Debug|Any CPU.Build.0 = Debug|Any CPU
		{AF91FC28-9488-4729-9581-092C55F59D88}.Release|Any CPU.ActiveCfg = Release|Any CPU
		{AF91FC28-9488-4729-9581-092C55F59D88}.Release|Any CPU.Build.0 = Release|Any CPU
	EndGlobalSection
	GlobalSection(SolutionProperties) = preSolution
		HideSolutionNode = FALSE
	EndGlobalSection
	GlobalSection(NestedProjects) = preSolution
		{2D75BC84-2BC3-4C9F-A3A2-30CB0A85D857} = {98ADDF43-A4EF-4614-9080-85703C00B0B8}
		{51657D7B-81F7-49EA-BB4B-37FF26D9A007} = {2D75BC84-2BC3-4C9F-A3A2-30CB0A85D857}
	EndGlobalSection
	GlobalSection(ExtensibilityGlobals) = postSolution
		SolutionGuid = {B15E05FB-F6B3-4263-9C97-B546A8188D0E}
	EndGlobalSection
EndGlobal
