
Microsoft Visual Studio Solution File, Format Version 12.00
# Visual Studio 14
VisualStudioVersion = 14.0.24720.0
MinimumVisualStudioVersion = 10.0.40219.1
Project("{FAE04EC0-301F-11D3-BF4B-00C04F79EFBC}") = "DockingPortAlignmentIndicator", "DockingPortAlignmentIndicator.csproj", "{0EE05EA6-FE25-487D-9FC9-ECDE3E74060F}"
EndProject
Project("{FAE04EC0-301F-11D3-BF4B-00C04F79EFBC}") = "ModuleDockingNodeNamed", "ModuleDockingNodeNamed\ModuleDockingNodeNamed.csproj", "{77AEFD79-A0C5-4502-8445-35EF1688E29F}"
EndProject
Project("{FAE04EC0-301F-11D3-BF4B-00C04F79EFBC}") = "DPAI_RPM", "DPAI_RPM\DPAI_RPM.csproj", "{EBBA27C3-03DE-4EA1-9699-D6597E744669}"
EndProject
Global
	GlobalSection(SolutionConfigurationPlatforms) = preSolution
		Debug|Any CPU = Debug|Any CPU
		Release|Any CPU = Release|Any CPU
	EndGlobalSection
	GlobalSection(ProjectConfigurationPlatforms) = postSolution
		{0EE05EA6-FE25-487D-9FC9-ECDE3E74060F}.Debug|Any CPU.ActiveCfg = Debug|Any CPU
		{0EE05EA6-FE25-487D-9FC9-ECDE3E74060F}.Debug|Any CPU.Build.0 = Debug|Any CPU
		{0EE05EA6-FE25-487D-9FC9-ECDE3E74060F}.Release|Any CPU.ActiveCfg = Release|Any CPU
		{0EE05EA6-FE25-487D-9FC9-ECDE3E74060F}.Release|Any CPU.Build.0 = Release|Any CPU
		{77AEFD79-A0C5-4502-8445-35EF1688E29F}.Debug|Any CPU.ActiveCfg = Debug|Any CPU
		{77AEFD79-A0C5-4502-8445-35EF1688E29F}.Debug|Any CPU.Build.0 = Debug|Any CPU
		{77AEFD79-A0C5-4502-8445-35EF1688E29F}.Release|Any CPU.ActiveCfg = Release|Any CPU
		{77AEFD79-A0C5-4502-8445-35EF1688E29F}.Release|Any CPU.Build.0 = Release|Any CPU
		{EBBA27C3-03DE-4EA1-9699-D6597E744669}.Debug|Any CPU.ActiveCfg = Debug|Any CPU
		{EBBA27C3-03DE-4EA1-9699-D6597E744669}.Debug|Any CPU.Build.0 = Debug|Any CPU
		{EBBA27C3-03DE-4EA1-9699-D6597E744669}.Release|Any CPU.ActiveCfg = Release|Any CPU
		{EBBA27C3-03DE-4EA1-9699-D6597E744669}.Release|Any CPU.Build.0 = Release|Any CPU
	EndGlobalSection
	GlobalSection(SolutionProperties) = preSolution
		HideSolutionNode = FALSE
	EndGlobalSection
EndGlobal
